// !$*UTF8*$!
{
	archiveVersion = 1;
	classes = {
	};
	objectVersion = 48;
	objects = {

/* Begin PBXBuildFile section */
		1C37B07F221E498400481AB4 /* MoveAnimationView.m in Sources */ = {isa = PBXBuildFile; fileRef = 1C37B07E221E498400481AB4 /* MoveAnimationView.m */; };
		5D5B2B171FC2BECB00498E7C /* AppDelegate.m in Sources */ = {isa = PBXBuildFile; fileRef = 5D5B2B161FC2BECB00498E7C /* AppDelegate.m */; };
		5D5B2B1A1FC2BECB00498E7C /* ViewControllerAnimation.m in Sources */ = {isa = PBXBuildFile; fileRef = 5D5B2B191FC2BECB00498E7C /* ViewControllerAnimation.m */; };
		5D5B2B1D1FC2BECB00498E7C /* Main.storyboard in Resources */ = {isa = PBXBuildFile; fileRef = 5D5B2B1B1FC2BECB00498E7C /* Main.storyboard */; };
		5D5B2B201FC2BECB00498E7C /* ViewControllerAnimation.xcdatamodeld in Sources */ = {isa = PBXBuildFile; fileRef = 5D5B2B1E1FC2BECB00498E7C /* ViewControllerAnimation.xcdatamodeld */; };
		5D5B2B221FC2BECB00498E7C /* Assets.xcassets in Resources */ = {isa = PBXBuildFile; fileRef = 5D5B2B211FC2BECB00498E7C /* Assets.xcassets */; };
		5D5B2B251FC2BECB00498E7C /* LaunchScreen.storyboard in Resources */ = {isa = PBXBuildFile; fileRef = 5D5B2B231FC2BECB00498E7C /* LaunchScreen.storyboard */; };
		5D5B2B281FC2BECB00498E7C /* main.m in Sources */ = {isa = PBXBuildFile; fileRef = 5D5B2B271FC2BECB00498E7C /* main.m */; };
		5D5B2B321FC2C25C00498E7C /* PresentAnimation.m in Sources */ = {isa = PBXBuildFile; fileRef = 5D5B2B311FC2C25C00498E7C /* PresentAnimation.m */; };
		5D5B2B351FC2C28300498E7C /* DismissAnimation.m in Sources */ = {isa = PBXBuildFile; fileRef = 5D5B2B341FC2C28300498E7C /* DismissAnimation.m */; };
		5D5B2B381FC2C40100498E7C /* PresentViewController.m in Sources */ = {isa = PBXBuildFile; fileRef = 5D5B2B371FC2C40100498E7C /* PresentViewController.m */; };
		5D5B2B3B1FC3AFD600498E7C /* PushAnimation.m in Sources */ = {isa = PBXBuildFile; fileRef = 5D5B2B3A1FC3AFD600498E7C /* PushAnimation.m */; };
		5D5B2B3E1FC3B0CD00498E7C /* PushGreenViewController.m in Sources */ = {isa = PBXBuildFile; fileRef = 5D5B2B3D1FC3B0CD00498E7C /* PushGreenViewController.m */; };
		5D5B2B411FC3C7CA00498E7C /* PushRedViewController.m in Sources */ = {isa = PBXBuildFile; fileRef = 5D5B2B401FC3C7CA00498E7C /* PushRedViewController.m */; };
		5DB0444A1FC403F7001F4EE8 /* ScaleAnimationView.m in Sources */ = {isa = PBXBuildFile; fileRef = 5DB044481FC403F7001F4EE8 /* ScaleAnimationView.m */; };
		5DB0444D1FC40463001F4EE8 /* ScaleViewController.m in Sources */ = {isa = PBXBuildFile; fileRef = 5DB0444C1FC40463001F4EE8 /* ScaleViewController.m */; };
/* End PBXBuildFile section */

/* Begin PBXFileReference section */
		1C37B07D221E498400481AB4 /* MoveAnimationView.h */ = {isa = PBXFileReference; lastKnownFileType = sourcecode.c.h; path = MoveAnimationView.h; sourceTree = "<group>"; };
		1C37B07E221E498400481AB4 /* MoveAnimationView.m */ = {isa = PBXFileReference; lastKnownFileType = sourcecode.c.objc; path = MoveAnimationView.m; sourceTree = "<group>"; };
		5D5B2B121FC2BECB00498E7C /* ViewControllerAnimation.app */ = {isa = PBXFileReference; explicitFileType = wrapper.application; includeInIndex = 0; path = ViewControllerAnimation.app; sourceTree = BUILT_PRODUCTS_DIR; };
		5D5B2B151FC2BECB00498E7C /* AppDelegate.h */ = {isa = PBXFileReference; lastKnownFileType = sourcecode.c.h; path = AppDelegate.h; sourceTree = "<group>"; };
		5D5B2B161FC2BECB00498E7C /* AppDelegate.m */ = {isa = PBXFileReference; lastKnownFileType = sourcecode.c.objc; path = AppDelegate.m; sourceTree = "<group>"; };
		5D5B2B181FC2BECB00498E7C /* ViewControllerAnimation.h */ = {isa = PBXFileReference; lastKnownFileType = sourcecode.c.h; path = ViewControllerAnimation.h; sourceTree = "<group>"; };
		5D5B2B191FC2BECB00498E7C /* ViewControllerAnimation.m */ = {isa = PBXFileReference; lastKnownFileType = sourcecode.c.objc; path = ViewControllerAnimation.m; sourceTree = "<group>"; };
		5D5B2B1C1FC2BECB00498E7C /* Base */ = {isa = PBXFileReference; lastKnownFileType = file.storyboard; name = Base; path = Base.lproj/Main.storyboard; sourceTree = "<group>"; };
		5D5B2B1F1FC2BECB00498E7C /* ViewControllerAnimation.xcdatamodel */ = {isa = PBXFileReference; lastKnownFileType = wrapper.xcdatamodel; path = ViewControllerAnimation.xcdatamodel; sourceTree = "<group>"; };
		5D5B2B211FC2BECB00498E7C /* Assets.xcassets */ = {isa = PBXFileReference; lastKnownFileType = folder.assetcatalog; path = Assets.xcassets; sourceTree = "<group>"; };
		5D5B2B241FC2BECB00498E7C /* Base */ = {isa = PBXFileReference; lastKnownFileType = file.storyboard; name = Base; path = Base.lproj/LaunchScreen.storyboard; sourceTree = "<group>"; };
		5D5B2B261FC2BECB00498E7C /* Info.plist */ = {isa = PBXFileReference; lastKnownFileType = text.plist.xml; path = Info.plist; sourceTree = "<group>"; };
		5D5B2B271FC2BECB00498E7C /* main.m */ = {isa = PBXFileReference; lastKnownFileType = sourcecode.c.objc; path = main.m; sourceTree = "<group>"; };
		5D5B2B301FC2C25C00498E7C /* PresentAnimation.h */ = {isa = PBXFileReference; lastKnownFileType = sourcecode.c.h; path = PresentAnimation.h; sourceTree = "<group>"; };
		5D5B2B311FC2C25C00498E7C /* PresentAnimation.m */ = {isa = PBXFileReference; lastKnownFileType = sourcecode.c.objc; path = PresentAnimation.m; sourceTree = "<group>"; };
		5D5B2B331FC2C28300498E7C /* DismissAnimation.h */ = {isa = PBXFileReference; lastKnownFileType = sourcecode.c.h; path = DismissAnimation.h; sourceTree = "<group>"; };
		5D5B2B341FC2C28300498E7C /* DismissAnimation.m */ = {isa = PBXFileReference; lastKnownFileType = sourcecode.c.objc; path = DismissAnimation.m; sourceTree = "<group>"; };
		5D5B2B361FC2C40100498E7C /* PresentViewController.h */ = {isa = PBXFileReference; lastKnownFileType = sourcecode.c.h; path = PresentViewController.h; sourceTree = "<group>"; };
		5D5B2B371FC2C40100498E7C /* PresentViewController.m */ = {isa = PBXFileReference; lastKnownFileType = sourcecode.c.objc; path = PresentViewController.m; sourceTree = "<group>"; };
		5D5B2B391FC3AFD600498E7C /* PushAnimation.h */ = {isa = PBXFileReference; lastKnownFileType = sourcecode.c.h; path = PushAnimation.h; sourceTree = "<group>"; };
		5D5B2B3A1FC3AFD600498E7C /* PushAnimation.m */ = {isa = PBXFileReference; lastKnownFileType = sourcecode.c.objc; path = PushAnimation.m; sourceTree = "<group>"; };
		5D5B2B3C1FC3B0CD00498E7C /* PushGreenViewController.h */ = {isa = PBXFileReference; lastKnownFileType = sourcecode.c.h; path = PushGreenViewController.h; sourceTree = "<group>"; };
		5D5B2B3D1FC3B0CD00498E7C /* PushGreenViewController.m */ = {isa = PBXFileReference; lastKnownFileType = sourcecode.c.objc; path = PushGreenViewController.m; sourceTree = "<group>"; };
		5D5B2B3F1FC3C7CA00498E7C /* PushRedViewController.h */ = {isa = PBXFileReference; lastKnownFileType = sourcecode.c.h; path = PushRedViewController.h; sourceTree = "<group>"; };
		5D5B2B401FC3C7CA00498E7C /* PushRedViewController.m */ = {isa = PBXFileReference; lastKnownFileType = sourcecode.c.objc; path = PushRedViewController.m; sourceTree = "<group>"; };
		5DB044481FC403F7001F4EE8 /* ScaleAnimationView.m */ = {isa = PBXFileReference; fileEncoding = 4; lastKnownFileType = sourcecode.c.objc; path = ScaleAnimationView.m; sourceTree = "<group>"; };
		5DB044491FC403F7001F4EE8 /* ScaleAnimationView.h */ = {isa = PBXFileReference; fileEncoding = 4; lastKnownFileType = sourcecode.c.h; path = ScaleAnimationView.h; sourceTree = "<group>"; };
		5DB0444B1FC40463001F4EE8 /* ScaleViewController.h */ = {isa = PBXFileReference; lastKnownFileType = sourcecode.c.h; path = ScaleViewController.h; sourceTree = "<group>"; };
		5DB0444C1FC40463001F4EE8 /* ScaleViewController.m */ = {isa = PBXFileReference; lastKnownFileType = sourcecode.c.objc; path = ScaleViewController.m; sourceTree = "<group>"; };
/* End PBXFileReference section */

/* Begin PBXFrameworksBuildPhase section */
		5D5B2B0F1FC2BECB00498E7C /* Frameworks */ = {
			isa = PBXFrameworksBuildPhase;
			buildActionMask = 2147483647;
			files = (
			);
			runOnlyForDeploymentPostprocessing = 0;
		};
/* End PBXFrameworksBuildPhase section */

/* Begin PBXGroup section */
		5D5B2B091FC2BECB00498E7C = {
			isa = PBXGroup;
			children = (
				5D5B2B141FC2BECB00498E7C /* ViewControllerAnimation */,
				5D5B2B131FC2BECB00498E7C /* Products */,
			);
			sourceTree = "<group>";
		};
		5D5B2B131FC2BECB00498E7C /* Products */ = {
			isa = PBXGroup;
			children = (
				5D5B2B121FC2BECB00498E7C /* ViewControllerAnimation.app */,
			);
			name = Products;
			sourceTree = "<group>";
		};
		5D5B2B141FC2BECB00498E7C /* ViewControllerAnimation */ = {
			isa = PBXGroup;
			children = (
				5D5B2B151FC2BECB00498E7C /* AppDelegate.h */,
				5D5B2B161FC2BECB00498E7C /* AppDelegate.m */,
				5D5B2B181FC2BECB00498E7C /* ViewControllerAnimation.h */,
				5D5B2B191FC2BECB00498E7C /* ViewControllerAnimation.m */,
				5D5B2B1B1FC2BECB00498E7C /* Main.storyboard */,
				5DB044471FC403F7001F4EE8 /* ScaleViewAnimation */,
				5D5B2B2E1FC2C0A100498E7C /* PresentAnimation */,
				5D5B2B2F1FC2C0A100498E7C /* PushAnimation */,
				5D5B2B211FC2BECB00498E7C /* Assets.xcassets */,
				5D5B2B231FC2BECB00498E7C /* LaunchScreen.storyboard */,
				5D5B2B261FC2BECB00498E7C /* Info.plist */,
				5D5B2B271FC2BECB00498E7C /* main.m */,
				5D5B2B1E1FC2BECB00498E7C /* ViewControllerAnimation.xcdatamodeld */,
			);
			path = ViewControllerAnimation;
			sourceTree = "<group>";
		};
		5D5B2B2E1FC2C0A100498E7C /* PresentAnimation */ = {
			isa = PBXGroup;
			children = (
				5D5B2B301FC2C25C00498E7C /* PresentAnimation.h */,
				5D5B2B311FC2C25C00498E7C /* PresentAnimation.m */,
				5D5B2B331FC2C28300498E7C /* DismissAnimation.h */,
				5D5B2B341FC2C28300498E7C /* DismissAnimation.m */,
				5D5B2B361FC2C40100498E7C /* PresentViewController.h */,
				5D5B2B371FC2C40100498E7C /* PresentViewController.m */,
			);
			path = PresentAnimation;
			sourceTree = "<group>";
		};
		5D5B2B2F1FC2C0A100498E7C /* PushAnimation */ = {
			isa = PBXGroup;
			children = (
				5D5B2B391FC3AFD600498E7C /* PushAnimation.h */,
				5D5B2B3A1FC3AFD600498E7C /* PushAnimation.m */,
				5D5B2B3C1FC3B0CD00498E7C /* PushGreenViewController.h */,
				5D5B2B3D1FC3B0CD00498E7C /* PushGreenViewController.m */,
				5D5B2B3F1FC3C7CA00498E7C /* PushRedViewController.h */,
				5D5B2B401FC3C7CA00498E7C /* PushRedViewController.m */,
			);
			path = PushAnimation;
			sourceTree = "<group>";
		};
		5DB044471FC403F7001F4EE8 /* ScaleViewAnimation */ = {
			isa = PBXGroup;
			children = (
				5DB044491FC403F7001F4EE8 /* ScaleAnimationView.h */,
				5DB044481FC403F7001F4EE8 /* ScaleAnimationView.m */,
				1C37B07D221E498400481AB4 /* MoveAnimationView.h */,
				1C37B07E221E498400481AB4 /* MoveAnimationView.m */,
				5DB0444B1FC40463001F4EE8 /* ScaleViewController.h */,
				5DB0444C1FC40463001F4EE8 /* ScaleViewController.m */,
			);
			path = ScaleViewAnimation;
			sourceTree = "<group>";
		};
/* End PBXGroup section */

/* Begin PBXNativeTarget section */
		5D5B2B111FC2BECB00498E7C /* ViewControllerAnimation */ = {
			isa = PBXNativeTarget;
			buildConfigurationList = 5D5B2B2B1FC2BECB00498E7C /* Build configuration list for PBXNativeTarget "ViewControllerAnimation" */;
			buildPhases = (
				5D5B2B0E1FC2BECB00498E7C /* Sources */,
				5D5B2B0F1FC2BECB00498E7C /* Frameworks */,
				5D5B2B101FC2BECB00498E7C /* Resources */,
			);
			buildRules = (
			);
			dependencies = (
			);
			name = ViewControllerAnimation;
			productName = ViewControllerAnimation;
			productReference = 5D5B2B121FC2BECB00498E7C /* ViewControllerAnimation.app */;
			productType = "com.apple.product-type.application";
		};
/* End PBXNativeTarget section */

/* Begin PBXProject section */
		5D5B2B0A1FC2BECB00498E7C /* Project object */ = {
			isa = PBXProject;
			attributes = {
				LastUpgradeCheck = 0910;
				ORGANIZATIONNAME = tong;
				TargetAttributes = {
					5D5B2B111FC2BECB00498E7C = {
						CreatedOnToolsVersion = 9.1;
						ProvisioningStyle = Automatic;
					};
				};
			};
			buildConfigurationList = 5D5B2B0D1FC2BECB00498E7C /* Build configuration list for PBXProject "ViewControllerAnimation" */;
			compatibilityVersion = "Xcode 8.0";
			developmentRegion = en;
			hasScannedForEncodings = 0;
			knownRegions = (
				en,
				Base,
			);
			mainGroup = 5D5B2B091FC2BECB00498E7C;
			productRefGroup = 5D5B2B131FC2BECB00498E7C /* Products */;
			projectDirPath = "";
			projectRoot = "";
			targets = (
				5D5B2B111FC2BECB00498E7C /* ViewControllerAnimation */,
			);
		};
/* End PBXProject section */

/* Begin PBXResourcesBuildPhase section */
		5D5B2B101FC2BECB00498E7C /* Resources */ = {
			isa = PBXResourcesBuildPhase;
			buildActionMask = 2147483647;
			files = (
				5D5B2B251FC2BECB00498E7C /* LaunchScreen.storyboard in Resources */,
				5D5B2B221FC2BECB00498E7C /* Assets.xcassets in Resources */,
				5D5B2B1D1FC2BECB00498E7C /* Main.storyboard in Resources */,
			);
			runOnlyForDeploymentPostprocessing = 0;
		};
/* End PBXResourcesBuildPhase section */

/* Begin PBXSourcesBuildPhase section */
		5D5B2B0E1FC2BECB00498E7C /* Sources */ = {
			isa = PBXSourcesBuildPhase;
			buildActionMask = 2147483647;
			files = (
				5D5B2B1A1FC2BECB00498E7C /* ViewControllerAnimation.m in Sources */,
				5D5B2B171FC2BECB00498E7C /* AppDelegate.m in Sources */,
				5D5B2B3E1FC3B0CD00498E7C /* PushGreenViewController.m in Sources */,
				5D5B2B3B1FC3AFD600498E7C /* PushAnimation.m in Sources */,
				5D5B2B411FC3C7CA00498E7C /* PushRedViewController.m in Sources */,
				5D5B2B281FC2BECB00498E7C /* main.m in Sources */,
				5D5B2B351FC2C28300498E7C /* DismissAnimation.m in Sources */,
				5DB0444D1FC40463001F4EE8 /* ScaleViewController.m in Sources */,
				5D5B2B381FC2C40100498E7C /* PresentViewController.m in Sources */,
				1C37B07F221E498400481AB4 /* MoveAnimationView.m in Sources */,
				5D5B2B201FC2BECB00498E7C /* ViewControllerAnimation.xcdatamodeld in Sources */,
				5D5B2B321FC2C25C00498E7C /* PresentAnimation.m in Sources */,
				5DB0444A1FC403F7001F4EE8 /* ScaleAnimationView.m in Sources */,
			);
			runOnlyForDeploymentPostprocessing = 0;
		};
/* End PBXSourcesBuildPhase section */

/* Begin PBXVariantGroup section */
		5D5B2B1B1FC2BECB00498E7C /* Main.storyboard */ = {
			isa = PBXVariantGroup;
			children = (
				5D5B2B1C1FC2BECB00498E7C /* Base */,
			);
			name = Main.storyboard;
			sourceTree = "<group>";
		};
		5D5B2B231FC2BECB00498E7C /* LaunchScreen.storyboard */ = {
			isa = PBXVariantGroup;
			children = (
				5D5B2B241FC2BECB00498E7C /* Base */,
			);
			name = LaunchScreen.storyboard;
			sourceTree = "<group>";
		};
/* End PBXVariantGroup section */

/* Begin XCBuildConfiguration section */
		5D5B2B291FC2BECB00498E7C /* Debug */ = {
			isa = XCBuildConfiguration;
			buildSettings = {
				ALWAYS_SEARCH_USER_PATHS = NO;
				CLANG_ANALYZER_NONNULL = YES;
				CLANG_ANALYZER_NUMBER_OBJECT_CONVERSION = YES_AGGRESSIVE;
				CLANG_CXX_LANGUAGE_STANDARD = "gnu++14";
				CLANG_CXX_LIBRARY = "libc++";
				CLANG_ENABLE_MODULES = YES;
				CLANG_ENABLE_OBJC_ARC = YES;
				CLANG_WARN_BLOCK_CAPTURE_AUTORELEASING = YES;
				CLANG_WARN_BOOL_CONVERSION = YES;
				CLANG_WARN_COMMA = YES;
				CLANG_WARN_CONSTANT_CONVERSION = YES;
				CLANG_WARN_DIRECT_OBJC_ISA_USAGE = YES_ERROR;
				CLANG_WARN_DOCUMENTATION_COMMENTS = YES;
				CLANG_WARN_EMPTY_BODY = YES;
				CLANG_WARN_ENUM_CONVERSION = YES;
				CLANG_WARN_INFINITE_RECURSION = YES;
				CLANG_WARN_INT_CONVERSION = YES;
				CLANG_WARN_NON_LITERAL_NULL_CONVERSION = YES;
				CLANG_WARN_OBJC_LITERAL_CONVERSION = YES;
				CLANG_WARN_OBJC_ROOT_CLASS = YES_ERROR;
				CLANG_WARN_RANGE_LOOP_ANALYSIS = YES;
				CLANG_WARN_STRICT_PROTOTYPES = YES;
				CLANG_WARN_SUSPICIOUS_MOVE = YES;
				CLANG_WARN_UNGUARDED_AVAILABILITY = YES_AGGRESSIVE;
				CLANG_WARN_UNREACHABLE_CODE = YES;
				CLANG_WARN__DUPLICATE_METHOD_MATCH = YES;
				CODE_SIGN_IDENTITY = "iPhone Developer";
				COPY_PHASE_STRIP = NO;
				DEBUG_INFORMATION_FORMAT = dwarf;
				ENABLE_STRICT_OBJC_MSGSEND = YES;
				ENABLE_TESTABILITY = YES;
				GCC_C_LANGUAGE_STANDARD = gnu11;
				GCC_DYNAMIC_NO_PIC = NO;
				GCC_NO_COMMON_BLOCKS = YES;
				GCC_OPTIMIZATION_LEVEL = 0;
				GCC_PREPROCESSOR_DEFINITIONS = (
					"DEBUG=1",
					"$(inherited)",
				);
				GCC_WARN_64_TO_32_BIT_CONVERSION = YES;
				GCC_WARN_ABOUT_RETURN_TYPE = YES_ERROR;
				GCC_WARN_UNDECLARED_SELECTOR = YES;
				GCC_WARN_UNINITIALIZED_AUTOS = YES_AGGRESSIVE;
				GCC_WARN_UNUSED_FUNCTION = YES;
				GCC_WARN_UNUSED_VARIABLE = YES;
				IPHONEOS_DEPLOYMENT_TARGET = 11.1;
				MTL_ENABLE_DEBUG_INFO = YES;
				ONLY_ACTIVE_ARCH = YES;
				SDKROOT = iphoneos;
			};
			name = Debug;
		};
		5D5B2B2A1FC2BECB00498E7C /* Release */ = {
			isa = XCBuildConfiguration;
			buildSettings = {
				ALWAYS_SEARCH_USER_PATHS = NO;
				CLANG_ANALYZER_NONNULL = YES;
				CLANG_ANALYZER_NUMBER_OBJECT_CONVERSION = YES_AGGRESSIVE;
				CLANG_CXX_LANGUAGE_STANDARD = "gnu++14";
				CLANG_CXX_LIBRARY = "libc++";
				CLANG_ENABLE_MODULES = YES;
				CLANG_ENABLE_OBJC_ARC = YES;
				CLANG_WARN_BLOCK_CAPTURE_AUTORELEASING = YES;
				CLANG_WARN_BOOL_CONVERSION = YES;
				CLANG_WARN_COMMA = YES;
				CLANG_WARN_CONSTANT_CONVERSION = YES;
				CLANG_WARN_DIRECT_OBJC_ISA_USAGE = YES_ERROR;
				CLANG_WARN_DOCUMENTATION_COMMENTS = YES;
				CLANG_WARN_EMPTY_BODY = YES;
				CLANG_WARN_ENUM_CONVERSION = YES;
				CLANG_WARN_INFINITE_RECURSION = YES;
				CLANG_WARN_INT_CONVERSION = YES;
				CLANG_WARN_NON_LITERAL_NULL_CONVERSION = YES;
				CLANG_WARN_OBJC_LITERAL_CONVERSION = YES;
				CLANG_WARN_OBJC_ROOT_CLASS = YES_ERROR;
				CLANG_WARN_RANGE_LOOP_ANALYSIS = YES;
				CLANG_WARN_STRICT_PROTOTYPES = YES;
				CLANG_WARN_SUSPICIOUS_MOVE = YES;
				CLANG_WARN_UNGUARDED_AVAILABILITY = YES_AGGRESSIVE;
				CLANG_WARN_UNREACHABLE_CODE = YES;
				CLANG_WARN__DUPLICATE_METHOD_MATCH = YES;
				CODE_SIGN_IDENTITY = "iPhone Developer";
				COPY_PHASE_STRIP = NO;
				DEBUG_INFORMATION_FORMAT = "dwarf-with-dsym";
				ENABLE_NS_ASSERTIONS = NO;
				ENABLE_STRICT_OBJC_MSGSEND = YES;
				GCC_C_LANGUAGE_STANDARD = gnu11;
				GCC_NO_COMMON_BLOCKS = YES;
				GCC_WARN_64_TO_32_BIT_CONVERSION = YES;
				GCC_WARN_ABOUT_RETURN_TYPE = YES_ERROR;
				GCC_WARN_UNDECLARED_SELECTOR = YES;
				GCC_WARN_UNINITIALIZED_AUTOS = YES_AGGRESSIVE;
				GCC_WARN_UNUSED_FUNCTION = YES;
				GCC_WARN_UNUSED_VARIABLE = YES;
				IPHONEOS_DEPLOYMENT_TARGET = 11.1;
				MTL_ENABLE_DEBUG_INFO = NO;
				SDKROOT = iphoneos;
				VALIDATE_PRODUCT = YES;
			};
			name = Release;
		};
		5D5B2B2C1FC2BECB00498E7C /* Debug */ = {
			isa = XCBuildConfiguration;
			buildSettings = {
				ASSETCATALOG_COMPILER_APPICON_NAME = AppIcon;
				CODE_SIGN_STYLE = Automatic;
				DEVELOPMENT_TEAM = YDJE97CX57;
				INFOPLIST_FILE = ViewControllerAnimation/Info.plist;
				LD_RUNPATH_SEARCH_PATHS = "$(inherited) @executable_path/Frameworks";
				PRODUCT_BUNDLE_IDENTIFIER = Tong.ViewControllerAnimation;
				PRODUCT_NAME = "$(TARGET_NAME)";
				TARGETED_DEVICE_FAMILY = "1,2";
			};
			name = Debug;
		};
		5D5B2B2D1FC2BECB00498E7C /* Release */ = {
			isa = XCBuildConfiguration;
			buildSettings = {
				ASSETCATALOG_COMPILER_APPICON_NAME = AppIcon;
				CODE_SIGN_STYLE = Automatic;
				DEVELOPMENT_TEAM = YDJE97CX57;
				INFOPLIST_FILE = ViewControllerAnimation/Info.plist;
				LD_RUNPATH_SEARCH_PATHS = "$(inherited) @executable_path/Frameworks";
				PRODUCT_BUNDLE_IDENTIFIER = Tong.ViewControllerAnimation;
				PRODUCT_NAME = "$(TARGET_NAME)";
				TARGETED_DEVICE_FAMILY = "1,2";
			};
			name = Release;
		};
/* End XCBuildConfiguration section */

/* Begin XCConfigurationList section */
		5D5B2B0D1FC2BECB00498E7C /* Build configuration list for PBXProject "ViewControllerAnimation" */ = {
			isa = XCConfigurationList;
			buildConfigurations = (
				5D5B2B291FC2BECB00498E7C /* Debug */,
				5D5B2B2A1FC2BECB00498E7C /* Release */,
			);
			defaultConfigurationIsVisible = 0;
			defaultConfigurationName = Release;
		};
		5D5B2B2B1FC2BECB00498E7C /* Build configuration list for PBXNativeTarget "ViewControllerAnimation" */ = {
			isa = XCConfigurationList;
			buildConfigurations = (
				5D5B2B2C1FC2BECB00498E7C /* Debug */,
				5D5B2B2D1FC2BECB00498E7C /* Release */,
			);
			defaultConfigurationIsVisible = 0;
			defaultConfigurationName = Release;
		};
/* End XCConfigurationList section */

/* Begin XCVersionGroup section */
		5D5B2B1E1FC2BECB00498E7C /* ViewControllerAnimation.xcdatamodeld */ = {
			isa = XCVersionGroup;
			children = (
				5D5B2B1F1FC2BECB00498E7C /* ViewControllerAnimation.xcdatamodel */,
			);
			currentVersion = 5D5B2B1F1FC2BECB00498E7C /* ViewControllerAnimation.xcdatamodel */;
			path = ViewControllerAnimation.xcdatamodeld;
			sourceTree = "<group>";
			versionGroupType = wrapper.xcdatamodel;
		};
/* End XCVersionGroup section */
	};
	rootObject = 5D5B2B0A1FC2BECB00498E7C /* Project object */;
}
